
Microsoft Visual Studio Solution File, Format Version 12.00
# Visual Studio Version 17
VisualStudioVersion = 17.6.33815.320
MinimumVisualStudioVersion = 10.0.40219.1
Project("{9A19103F-16F7-4668-BE54-9A1E7A4F7556}") = "Data", "Data\Data.csproj", "{F2F58ABF-7EE7-49F0-A90D-409C92FB848E}"
EndProject
Project("{9A19103F-16F7-4668-BE54-9A1E7A4F7556}") = "Logic", "Logic\Logic.csproj", "{547A35DF-C791-42A4-8DB2-95E1378162B3}"
EndProject
Project("{2150E333-8FDC-42A3-9474-1A3956D46DE8}") = "Presentation", "Presentation", "{7F4C01C3-0747-4B51-AD3C-28DE4D0D3808}"
EndProject
Project("{9A19103F-16F7-4668-BE54-9A1E7A4F7556}") = "Model", "Model\Model.csproj", "{2590B4B9-EA1E-4BB6-9933-42AFA1855BEC}"
EndProject
Project("{9A19103F-16F7-4668-BE54-9A1E7A4F7556}") = "ViewModel", "ViewModel\ViewModel.csproj", "{FD005D3B-2AB2-4174-AC5C-827441CBA9FF}"
	ProjectSection(ProjectDependencies) = postProject
		{2590B4B9-EA1E-4BB6-9933-42AFA1855BEC} = {2590B4B9-EA1E-4BB6-9933-42AFA1855BEC}
	EndProjectSection
EndProject
Project("{9A19103F-16F7-4668-BE54-9A1E7A4F7556}") = "View", "View\View.csproj", "{23F1D5B0-E364-407E-AF27-201BEC1BAFAE}"
	ProjectSection(ProjectDependencies) = postProject
		{FD005D3B-2AB2-4174-AC5C-827441CBA9FF} = {FD005D3B-2AB2-4174-AC5C-827441CBA9FF}
	EndProjectSection
EndProject
Project("{9A19103F-16F7-4668-BE54-9A1E7A4F7556}") = "Tests", "Tests\Tests.csproj", "{7CC075F7-9C09-4174-A10E-B69A02A271CC}"
EndProject
Global
	GlobalSection(SolutionConfigurationPlatforms) = preSolution
		Debug|Any CPU = Debug|Any CPU
		Release|Any CPU = Release|Any CPU
	EndGlobalSection
	GlobalSection(ProjectConfigurationPlatforms) = postSolution
		{F2F58ABF-7EE7-49F0-A90D-409C92FB848E}.Debug|Any CPU.ActiveCfg = Debug|Any CPU
		{F2F58ABF-7EE7-49F0-A90D-409C92FB848E}.Debug|Any CPU.Build.0 = Debug|Any CPU
		{F2F58ABF-7EE7-49F0-A90D-409C92FB848E}.Release|Any CPU.ActiveCfg = Release|Any CPU
		{F2F58ABF-7EE7-49F0-A90D-409C92FB848E}.Release|Any CPU.Build.0 = Release|Any CPU
		{547A35DF-C791-42A4-8DB2-95E1378162B3}.Debug|Any CPU.ActiveCfg = Debug|Any CPU
		{547A35DF-C791-42A4-8DB2-95E1378162B3}.Debug|Any CPU.Build.0 = Debug|Any CPU
		{547A35DF-C791-42A4-8DB2-95E1378162B3}.Release|Any CPU.ActiveCfg = Release|Any CPU
		{547A35DF-C791-42A4-8DB2-95E1378162B3}.Release|Any CPU.Build.0 = Release|Any CPU
		{2590B4B9-EA1E-4BB6-9933-42AFA1855BEC}.Debug|Any CPU.ActiveCfg = Debug|Any CPU
		{2590B4B9-EA1E-4BB6-9933-42AFA1855BEC}.Debug|Any CPU.Build.0 = Debug|Any CPU
		{2590B4B9-EA1E-4BB6-9933-42AFA1855BEC}.Release|Any CPU.ActiveCfg = Release|Any CPU
		{2590B4B9-EA1E-4BB6-9933-42AFA1855BEC}.Release|Any CPU.Build.0 = Release|Any CPU
		{FD005D3B-2AB2-4174-AC5C-827441CBA9FF}.Debug|Any CPU.ActiveCfg = Debug|Any CPU
		{FD005D3B-2AB2-4174-AC5C-827441CBA9FF}.Debug|Any CPU.Build.0 = Debug|Any CPU
		{FD005D3B-2AB2-4174-AC5C-827441CBA9FF}.Release|Any CPU.ActiveCfg = Release|Any CPU
		{FD005D3B-2AB2-4174-AC5C-827441CBA9FF}.Release|Any CPU.Build.0 = Release|Any CPU
		{23F1D5B0-E364-407E-AF27-201BEC1BAFAE}.Debug|Any CPU.ActiveCfg = Debug|Any CPU
		{23F1D5B0-E364-407E-AF27-201BEC1BAFAE}.Debug|Any CPU.Build.0 = Debug|Any CPU
		{23F1D5B0-E364-407E-AF27-201BEC1BAFAE}.Release|Any CPU.ActiveCfg = Release|Any CPU
		{23F1D5B0-E364-407E-AF27-201BEC1BAFAE}.Release|Any CPU.Build.0 = Release|Any CPU
		{7CC075F7-9C09-4174-A10E-B69A02A271CC}.Debug|Any CPU.ActiveCfg = Debug|Any CPU
		{7CC075F7-9C09-4174-A10E-B69A02A271CC}.Debug|Any CPU.Build.0 = Debug|Any CPU
		{7CC075F7-9C09-4174-A10E-B69A02A271CC}.Release|Any CPU.ActiveCfg = Release|Any CPU
		{7CC075F7-9C09-4174-A10E-B69A02A271CC}.Release|Any CPU.Build.0 = Release|Any CPU
	EndGlobalSection
	GlobalSection(SolutionProperties) = preSolution
		HideSolutionNode = FALSE
	EndGlobalSection
	GlobalSection(NestedProjects) = preSolution
		{2590B4B9-EA1E-4BB6-9933-42AFA1855BEC} = {7F4C01C3-0747-4B51-AD3C-28DE4D0D3808}
		{FD005D3B-2AB2-4174-AC5C-827441CBA9FF} = {7F4C01C3-0747-4B51-AD3C-28DE4D0D3808}
		{23F1D5B0-E364-407E-AF27-201BEC1BAFAE} = {7F4C01C3-0747-4B51-AD3C-28DE4D0D3808}
	EndGlobalSection
	GlobalSection(ExtensibilityGlobals) = postSolution
		SolutionGuid = {25139822-AEC2-4D59-8A62-9F62F6F6A98D}
	EndGlobalSection
EndGlobal
